
Microsoft Visual Studio Solution File, Format Version 12.00
# Visual Studio Version 17
VisualStudioVersion = 17.10.34916.146
MinimumVisualStudioVersion = 10.0.40219.1
Project("{FAE04EC0-301F-11D3-BF4B-00C04F79EFBC}") = "Task_App", "Task_App.csproj", "{20B36CBB-E88A-4EFE-AF8C-014F58AFCDE1}"
EndProject
Global
	GlobalSection(SolutionConfigurationPlatforms) = preSolution
		Debug|Any CPU = Debug|Any CPU
		Release|Any CPU = Release|Any CPU
	EndGlobalSection
	GlobalSection(ProjectConfigurationPlatforms) = postSolution
		{20B36CBB-E88A-4EFE-AF8C-014F58AFCDE1}.Debug|Any CPU.ActiveCfg = Debug|Any CPU
		{20B36CBB-E88A-4EFE-AF8C-014F58AFCDE1}.Debug|Any CPU.Build.0 = Debug|Any CPU
		{20B36CBB-E88A-4EFE-AF8C-014F58AFCDE1}.Release|Any CPU.ActiveCfg = Release|Any CPU
		{20B36CBB-E88A-4EFE-AF8C-014F58AFCDE1}.Release|Any CPU.Build.0 = Release|Any CPU
	EndGlobalSection
	GlobalSection(SolutionProperties) = preSolution
		HideSolutionNode = FALSE
	EndGlobalSection
	GlobalSection(ExtensibilityGlobals) = postSolution
		SolutionGuid = {62BFFE95-3DBC-47B3-84D3-3A66C86019BD}
	EndGlobalSection
EndGlobal
